
Microsoft Visual Studio Solution File, Format Version 12.00
# Visual Studio Version 17
VisualStudioVersion = 17.3.32901.215
MinimumVisualStudioVersion = 10.0.40219.1
Project("{9A19103F-16F7-4668-BE54-9A1E7A4F7556}") = "Module4", "Module4\Module4.csproj", "{E63237C4-C81F-4276-AC4B-6523F90AB449}"
EndProject
Project("{9A19103F-16F7-4668-BE54-9A1E7A4F7556}") = "Task4.1.4", "Task4.1.4\Task4.1.4.csproj", "{0C39A86E-430B-4906-AFE3-DC1B6384829B}"
EndProject
Project("{9A19103F-16F7-4668-BE54-9A1E7A4F7556}") = "Task4.1.5", "Task4.1.5\Task4.1.5.csproj", "{7C9073EC-B08F-4808-A649-3CB20506B59E}"
EndProject
Project("{9A19103F-16F7-4668-BE54-9A1E7A4F7556}") = "Task4.1.12", "Task4.1.12\Task4.1.12.csproj", "{5BC644F9-98BE-443C-A2DB-0ED6A56F57C6}"
EndProject
Project("{9A19103F-16F7-4668-BE54-9A1E7A4F7556}") = "Task4.1.17", "Task4.1.17\Task4.1.17.csproj", "{0FD6451F-E813-459F-9A50-3BD54B93B56F}"
EndProject
Project("{9A19103F-16F7-4668-BE54-9A1E7A4F7556}") = "Task4.1.18", "Task4.1.18\Task4.1.18.csproj", "{0C65D8FC-F759-4465-94FC-EE37F6EFE733}"
EndProject
Project("{9A19103F-16F7-4668-BE54-9A1E7A4F7556}") = "Task4.2.11", "Task4.2.11\Task4.2.11.csproj", "{4F371A9D-8EFA-4287-B91E-2FF05EC5DA4D}"
EndProject
Project("{FAE04EC0-301F-11D3-BF4B-00C04F79EFBC}") = "Task4.3.4", "Task4.3.4\Task4.3.4.csproj", "{2E89453C-096C-47FA-9875-667BF2BC85F4}"
EndProject
Project("{FAE04EC0-301F-11D3-BF4B-00C04F79EFBC}") = "Task4.3.7", "Task4.3.7\Task4.3.7.csproj", "{8B3D4720-EEDD-4BBE-9740-AB2D61C236E6}"
EndProject
Project("{FAE04EC0-301F-11D3-BF4B-00C04F79EFBC}") = "Task4.3.11", "Task4.3.11\Task4.3.11.csproj", "{9BC61410-2486-482A-9D00-D5CC555843B1}"
EndProject
Project("{FAE04EC0-301F-11D3-BF4B-00C04F79EFBC}") = "Task4.3.12", "Task4.3.12\Task4.3.12.csproj", "{575FDD9B-DD10-41A4-B4F3-B687B20D029F}"
EndProject
Project("{FAE04EC0-301F-11D3-BF4B-00C04F79EFBC}") = "Task4.3.13", "Task4.3.13\Task4.3.13.csproj", "{F89BC4B5-6FAF-442D-BF8B-35DBAE2E2ABF}"
EndProject
Project("{FAE04EC0-301F-11D3-BF4B-00C04F79EFBC}") = "Task4.3.14", "Task4.3.14\Task4.3.14.csproj", "{5B5FCC10-2FCA-44AE-ACD4-F99DCEA31676}"
EndProject
Project("{FAE04EC0-301F-11D3-BF4B-00C04F79EFBC}") = "Task4.3.15", "Task4.3.15\Task4.3.15.csproj", "{445FD167-015F-4DC6-86B8-F003C214C2B9}"
EndProject
Project("{FAE04EC0-301F-11D3-BF4B-00C04F79EFBC}") = "Task4.3.16", "Task4.3.16\Task4.3.16.csproj", "{20CD5F29-0853-448A-9815-AC2478715AB3}"
EndProject
Project("{FAE04EC0-301F-11D3-BF4B-00C04F79EFBC}") = "Task4.3.17", "Task4.3.17\Task4.3.17.csproj", "{7C7044C5-260B-4127-B13A-A548056C507A}"
EndProject
Project("{FAE04EC0-301F-11D3-BF4B-00C04F79EFBC}") = "Task4.4.2", "Task4.4.2\Task4.4.2.csproj", "{A8BADB14-E61B-44D3-A402-8D45EB05E1C5}"
EndProject
Global
	GlobalSection(SolutionConfigurationPlatforms) = preSolution
		Debug|Any CPU = Debug|Any CPU
		Release|Any CPU = Release|Any CPU
	EndGlobalSection
	GlobalSection(ProjectConfigurationPlatforms) = postSolution
		{E63237C4-C81F-4276-AC4B-6523F90AB449}.Debug|Any CPU.ActiveCfg = Debug|Any CPU
		{E63237C4-C81F-4276-AC4B-6523F90AB449}.Debug|Any CPU.Build.0 = Debug|Any CPU
		{E63237C4-C81F-4276-AC4B-6523F90AB449}.Release|Any CPU.ActiveCfg = Release|Any CPU
		{E63237C4-C81F-4276-AC4B-6523F90AB449}.Release|Any CPU.Build.0 = Release|Any CPU
		{0C39A86E-430B-4906-AFE3-DC1B6384829B}.Debug|Any CPU.ActiveCfg = Debug|Any CPU
		{0C39A86E-430B-4906-AFE3-DC1B6384829B}.Debug|Any CPU.Build.0 = Debug|Any CPU
		{0C39A86E-430B-4906-AFE3-DC1B6384829B}.Release|Any CPU.ActiveCfg = Release|Any CPU
		{0C39A86E-430B-4906-AFE3-DC1B6384829B}.Release|Any CPU.Build.0 = Release|Any CPU
		{7C9073EC-B08F-4808-A649-3CB20506B59E}.Debug|Any CPU.ActiveCfg = Debug|Any CPU
		{7C9073EC-B08F-4808-A649-3CB20506B59E}.Debug|Any CPU.Build.0 = Debug|Any CPU
		{7C9073EC-B08F-4808-A649-3CB20506B59E}.Release|Any CPU.ActiveCfg = Release|Any CPU
		{7C9073EC-B08F-4808-A649-3CB20506B59E}.Release|Any CPU.Build.0 = Release|Any CPU
		{5BC644F9-98BE-443C-A2DB-0ED6A56F57C6}.Debug|Any CPU.ActiveCfg = Debug|Any CPU
		{5BC644F9-98BE-443C-A2DB-0ED6A56F57C6}.Debug|Any CPU.Build.0 = Debug|Any CPU
		{5BC644F9-98BE-443C-A2DB-0ED6A56F57C6}.Release|Any CPU.ActiveCfg = Release|Any CPU
		{5BC644F9-98BE-443C-A2DB-0ED6A56F57C6}.Release|Any CPU.Build.0 = Release|Any CPU
		{0FD6451F-E813-459F-9A50-3BD54B93B56F}.Debug|Any CPU.ActiveCfg = Debug|Any CPU
		{0FD6451F-E813-459F-9A50-3BD54B93B56F}.Debug|Any CPU.Build.0 = Debug|Any CPU
		{0FD6451F-E813-459F-9A50-3BD54B93B56F}.Release|Any CPU.ActiveCfg = Release|Any CPU
		{0FD6451F-E813-459F-9A50-3BD54B93B56F}.Release|Any CPU.Build.0 = Release|Any CPU
		{0C65D8FC-F759-4465-94FC-EE37F6EFE733}.Debug|Any CPU.ActiveCfg = Debug|Any CPU
		{0C65D8FC-F759-4465-94FC-EE37F6EFE733}.Debug|Any CPU.Build.0 = Debug|Any CPU
		{0C65D8FC-F759-4465-94FC-EE37F6EFE733}.Release|Any CPU.ActiveCfg = Release|Any CPU
		{0C65D8FC-F759-4465-94FC-EE37F6EFE733}.Release|Any CPU.Build.0 = Release|Any CPU
		{4F371A9D-8EFA-4287-B91E-2FF05EC5DA4D}.Debug|Any CPU.ActiveCfg = Debug|Any CPU
		{4F371A9D-8EFA-4287-B91E-2FF05EC5DA4D}.Debug|Any CPU.Build.0 = Debug|Any CPU
		{4F371A9D-8EFA-4287-B91E-2FF05EC5DA4D}.Release|Any CPU.ActiveCfg = Release|Any CPU
		{4F371A9D-8EFA-4287-B91E-2FF05EC5DA4D}.Release|Any CPU.Build.0 = Release|Any CPU
		{2E89453C-096C-47FA-9875-667BF2BC85F4}.Debug|Any CPU.ActiveCfg = Debug|Any CPU
		{2E89453C-096C-47FA-9875-667BF2BC85F4}.Debug|Any CPU.Build.0 = Debug|Any CPU
		{2E89453C-096C-47FA-9875-667BF2BC85F4}.Release|Any CPU.ActiveCfg = Release|Any CPU
		{2E89453C-096C-47FA-9875-667BF2BC85F4}.Release|Any CPU.Build.0 = Release|Any CPU
		{8B3D4720-EEDD-4BBE-9740-AB2D61C236E6}.Debug|Any CPU.ActiveCfg = Debug|Any CPU
		{8B3D4720-EEDD-4BBE-9740-AB2D61C236E6}.Debug|Any CPU.Build.0 = Debug|Any CPU
		{8B3D4720-EEDD-4BBE-9740-AB2D61C236E6}.Release|Any CPU.ActiveCfg = Release|Any CPU
		{8B3D4720-EEDD-4BBE-9740-AB2D61C236E6}.Release|Any CPU.Build.0 = Release|Any CPU
		{9BC61410-2486-482A-9D00-D5CC555843B1}.Debug|Any CPU.ActiveCfg = Debug|Any CPU
		{9BC61410-2486-482A-9D00-D5CC555843B1}.Debug|Any CPU.Build.0 = Debug|Any CPU
		{9BC61410-2486-482A-9D00-D5CC555843B1}.Release|Any CPU.ActiveCfg = Release|Any CPU
		{9BC61410-2486-482A-9D00-D5CC555843B1}.Release|Any CPU.Build.0 = Release|Any CPU
		{575FDD9B-DD10-41A4-B4F3-B687B20D029F}.Debug|Any CPU.ActiveCfg = Debug|Any CPU
		{575FDD9B-DD10-41A4-B4F3-B687B20D029F}.Debug|Any CPU.Build.0 = Debug|Any CPU
		{575FDD9B-DD10-41A4-B4F3-B687B20D029F}.Release|Any CPU.ActiveCfg = Release|Any CPU
		{575FDD9B-DD10-41A4-B4F3-B687B20D029F}.Release|Any CPU.Build.0 = Release|Any CPU
		{F89BC4B5-6FAF-442D-BF8B-35DBAE2E2ABF}.Debug|Any CPU.ActiveCfg = Debug|Any CPU
		{F89BC4B5-6FAF-442D-BF8B-35DBAE2E2ABF}.Debug|Any CPU.Build.0 = Debug|Any CPU
		{F89BC4B5-6FAF-442D-BF8B-35DBAE2E2ABF}.Release|Any CPU.ActiveCfg = Release|Any CPU
		{F89BC4B5-6FAF-442D-BF8B-35DBAE2E2ABF}.Release|Any CPU.Build.0 = Release|Any CPU
		{5B5FCC10-2FCA-44AE-ACD4-F99DCEA31676}.Debug|Any CPU.ActiveCfg = Debug|Any CPU
		{5B5FCC10-2FCA-44AE-ACD4-F99DCEA31676}.Debug|Any CPU.Build.0 = Debug|Any CPU
		{5B5FCC10-2FCA-44AE-ACD4-F99DCEA31676}.Release|Any CPU.ActiveCfg = Release|Any CPU
		{5B5FCC10-2FCA-44AE-ACD4-F99DCEA31676}.Release|Any CPU.Build.0 = Release|Any CPU
		{445FD167-015F-4DC6-86B8-F003C214C2B9}.Debug|Any CPU.ActiveCfg = Debug|Any CPU
		{445FD167-015F-4DC6-86B8-F003C214C2B9}.Debug|Any CPU.Build.0 = Debug|Any CPU
		{445FD167-015F-4DC6-86B8-F003C214C2B9}.Release|Any CPU.ActiveCfg = Release|Any CPU
		{445FD167-015F-4DC6-86B8-F003C214C2B9}.Release|Any CPU.Build.0 = Release|Any CPU
		{20CD5F29-0853-448A-9815-AC2478715AB3}.Debug|Any CPU.ActiveCfg = Debug|Any CPU
		{20CD5F29-0853-448A-9815-AC2478715AB3}.Debug|Any CPU.Build.0 = Debug|Any CPU
		{20CD5F29-0853-448A-9815-AC2478715AB3}.Release|Any CPU.ActiveCfg = Release|Any CPU
		{20CD5F29-0853-448A-9815-AC2478715AB3}.Release|Any CPU.Build.0 = Release|Any CPU
		{7C7044C5-260B-4127-B13A-A548056C507A}.Debug|Any CPU.ActiveCfg = Debug|Any CPU
		{7C7044C5-260B-4127-B13A-A548056C507A}.Debug|Any CPU.Build.0 = Debug|Any CPU
		{7C7044C5-260B-4127-B13A-A548056C507A}.Release|Any CPU.ActiveCfg = Release|Any CPU
		{7C7044C5-260B-4127-B13A-A548056C507A}.Release|Any CPU.Build.0 = Release|Any CPU
		{A8BADB14-E61B-44D3-A402-8D45EB05E1C5}.Debug|Any CPU.ActiveCfg = Debug|Any CPU
		{A8BADB14-E61B-44D3-A402-8D45EB05E1C5}.Debug|Any CPU.Build.0 = Debug|Any CPU
		{A8BADB14-E61B-44D3-A402-8D45EB05E1C5}.Release|Any CPU.ActiveCfg = Release|Any CPU
		{A8BADB14-E61B-44D3-A402-8D45EB05E1C5}.Release|Any CPU.Build.0 = Release|Any CPU
	EndGlobalSection
	GlobalSection(SolutionProperties) = preSolution
		HideSolutionNode = FALSE
	EndGlobalSection
	GlobalSection(ExtensibilityGlobals) = postSolution
		SolutionGuid = {8F5B5FD3-F91A-4A98-9EFA-5466ABD309D0}
	EndGlobalSection
EndGlobal
